// !$*UTF8*$!
{
	archiveVersion = 1;
	classes = {
	};
	objectVersion = 46;
	objects = {

/* Begin PBXBuildFile section */
		1E4C8E1515F0E27A005E49B8 /* Good.m in Sources */ = {isa = PBXBuildFile; fileRef = 1E4C8E1415F0E27A005E49B8 /* Good.m */; };
		1E4C8E1915F0E2A9005E49B8 /* IGRCIngredientsTableViewController.m in Sources */ = {isa = PBXBuildFile; fileRef = 1E4C8E1815F0E2A9005E49B8 /* IGRCIngredientsTableViewController.m */; };
		1E4C8E1C15F0E656005E49B8 /* IGRCIngredientCell.m in Sources */ = {isa = PBXBuildFile; fileRef = 1E4C8E1B15F0E656005E49B8 /* IGRCIngredientCell.m */; };
		1E4C8E2015F0EC80005E49B8 /* IGRCIngredientCell.xib in Resources */ = {isa = PBXBuildFile; fileRef = 1E4C8E1F15F0EC80005E49B8 /* IGRCIngredientCell.xib */; };
		65565BB5EC7DD7FF35C03DDC /* IGRCFavoritesBadgeObserver.m in Sources */ = {isa = PBXBuildFile; fileRef = 655659C8406D71254FD66D09 /* IGRCFavoritesBadgeObserver.m */; };
		6B0BDEF015D9844500B93E9F /* UIKit.framework in Frameworks */ = {isa = PBXBuildFile; fileRef = 6B0BDEEF15D9844500B93E9F /* UIKit.framework */; };
		6B0BDEF215D9844500B93E9F /* Foundation.framework in Frameworks */ = {isa = PBXBuildFile; fileRef = 6B0BDEF115D9844500B93E9F /* Foundation.framework */; };
		6B0BDEF415D9844500B93E9F /* CoreGraphics.framework in Frameworks */ = {isa = PBXBuildFile; fileRef = 6B0BDEF315D9844500B93E9F /* CoreGraphics.framework */; };
		6B0BDEFA15D9844500B93E9F /* InfoPlist.strings in Resources */ = {isa = PBXBuildFile; fileRef = 6B0BDEF815D9844500B93E9F /* InfoPlist.strings */; };
		6B0BDEFC15D9844500B93E9F /* main.m in Sources */ = {isa = PBXBuildFile; fileRef = 6B0BDEFB15D9844500B93E9F /* main.m */; };
		6B0BDF0015D9844500B93E9F /* IGRCAppDelegate.m in Sources */ = {isa = PBXBuildFile; fileRef = 6B0BDEFF15D9844500B93E9F /* IGRCAppDelegate.m */; };
		6B0BDF0315D9844600B93E9F /* MainStoryboard.storyboard in Resources */ = {isa = PBXBuildFile; fileRef = 6B0BDF0115D9844600B93E9F /* MainStoryboard.storyboard */; };
		6B0BDF1915D9844600B93E9F /* SenTestingKit.framework in Frameworks */ = {isa = PBXBuildFile; fileRef = 6B0BDF1815D9844600B93E9F /* SenTestingKit.framework */; };
		6B0BDF1A15D9844600B93E9F /* UIKit.framework in Frameworks */ = {isa = PBXBuildFile; fileRef = 6B0BDEEF15D9844500B93E9F /* UIKit.framework */; };
		6B0BDF1B15D9844600B93E9F /* Foundation.framework in Frameworks */ = {isa = PBXBuildFile; fileRef = 6B0BDEF115D9844500B93E9F /* Foundation.framework */; };
		6B0BDF2315D9844600B93E9F /* InfoPlist.strings in Resources */ = {isa = PBXBuildFile; fileRef = 6B0BDF2115D9844600B93E9F /* InfoPlist.strings */; };
		6B0BDF2615D9844600B93E9F /* receiptTests.m in Sources */ = {isa = PBXBuildFile; fileRef = 6B0BDF2515D9844600B93E9F /* receiptTests.m */; };
		6B16594115DCECF3006E077E /* receipt.xcdatamodeld in Sources */ = {isa = PBXBuildFile; fileRef = 6B16593F15DCECF2006E077E /* receipt.xcdatamodeld */; };
		6B16597A15DD4DD5006E077E /* Ingredient.m in Sources */ = {isa = PBXBuildFile; fileRef = 6B16597915DD4DD5006E077E /* Ingredient.m */; };
		6B16597D15DD4DD6006E077E /* Product.m in Sources */ = {isa = PBXBuildFile; fileRef = 6B16597C15DD4DD6006E077E /* Product.m */; };
		6B16598015DD4DD6006E077E /* Category.m in Sources */ = {isa = PBXBuildFile; fileRef = 6B16597F15DD4DD6006E077E /* Category.m */; };
		6B16598315DD4DD6006E077E /* Receipt.m in Sources */ = {isa = PBXBuildFile; fileRef = 6B16598215DD4DD6006E077E /* Receipt.m */; };
		6B16598415DD869E006E077E /* CoreData.framework in Frameworks */ = {isa = PBXBuildFile; fileRef = 6B16597515DD4537006E077E /* CoreData.framework */; };
		6BAA20E215DAF0800013CF19 /* IGRCCategoryTableViewController.m in Sources */ = {isa = PBXBuildFile; fileRef = 6BAA20E115DAF0800013CF19 /* IGRCCategoryTableViewController.m */; };
		6BAA20E615DB73370013CF19 /* IGRCReceiptsTableViewController.m in Sources */ = {isa = PBXBuildFile; fileRef = 6BAA20E515DB73370013CF19 /* IGRCReceiptsTableViewController.m */; };
		6BAA20E615DB73370013CF1C /* IGRCSeguePrepareStrategy.m in Sources */ = {isa = PBXBuildFile; fileRef = 6BAA20E615DB73370013CF1B /* IGRCSeguePrepareStrategy.m */; };
		6BAA20E615DB73370013CF25 /* IGRCFromCategoryToReceiptSegue.m in Sources */ = {isa = PBXBuildFile; fileRef = 6BAA20E615DB73370013CF24 /* IGRCFromCategoryToReceiptSegue.m */; };
		6BAA20E615DB73370013CF2A /* IGRCDataAccessManager.m in Sources */ = {isa = PBXBuildFile; fileRef = 6BAA20E615DB73370013CF29 /* IGRCDataAccessManager.m */; };
		6BEF2BB915E029F1005CE027 /* IGRCCategoryCell.m in Sources */ = {isa = PBXBuildFile; fileRef = 6BEF2BB815E029F1005CE027 /* IGRCCategoryCell.m */; };
		6BEF2BB915E029F1005CE02A /* IGRCReceiptCell.m in Sources */ = {isa = PBXBuildFile; fileRef = 6BEF2BB915E029F1005CE029 /* IGRCReceiptCell.m */; };
		6BEF2BB915E029F1005CE030 /* IGRCReceiptDetailsViewController.m in Sources */ = {isa = PBXBuildFile; fileRef = 6BEF2BB915E029F1005CE02F /* IGRCReceiptDetailsViewController.m */; };
		6BEF2BB915E029F1005CE032 /* IGRCReceiptDetailsSeguePreparer.m in Sources */ = {isa = PBXBuildFile; fileRef = 6BEF2BB915E029F1005CE031 /* IGRCReceiptDetailsSeguePreparer.m */; };
		6BEF2BB915E029F1005CE035 /* IGRCFavoriteReceiptsTableViewController.m in Sources */ = {isa = PBXBuildFile; fileRef = 6BEF2BB915E029F1005CE034 /* IGRCFavoriteReceiptsTableViewController.m */; };
		6BEF2C2515E101E3005CE027 /* first.png in Resources */ = {isa = PBXBuildFile; fileRef = 6BEF2C2315E101E3005CE027 /* first.png */; };
		6BEF2C2615E101E3005CE027 /* first@2x.png in Resources */ = {isa = PBXBuildFile; fileRef = 6BEF2C2415E101E3005CE027 /* first@2x.png */; };
		6BEF2C3015E10344005CE027 /* second.png in Resources */ = {isa = PBXBuildFile; fileRef = 6BEF2C2E15E10344005CE027 /* second.png */; };
		6BEF2C3115E10344005CE027 /* second@2x.png in Resources */ = {isa = PBXBuildFile; fileRef = 6BEF2C2F15E10344005CE027 /* second@2x.png */; };
		6BEF2C3115E10344005CE029 /* db.sqlite in Resources */ = {isa = PBXBuildFile; fileRef = 6BEF2C3115E10344005CE028 /* db.sqlite */; };
		6BEF2C3115E10344005CE02F /* test.png in Resources */ = {isa = PBXBuildFile; fileRef = 6BEF2C3115E10344005CE02E /* test.png */; };
/* End PBXBuildFile section */

/* Begin PBXContainerItemProxy section */
		6B0BDF1C15D9844600B93E9F /* PBXContainerItemProxy */ = {
			isa = PBXContainerItemProxy;
			containerPortal = 6B0BDEE215D9844500B93E9F /* Project object */;
			proxyType = 1;
			remoteGlobalIDString = 6B0BDEEA15D9844500B93E9F;
			remoteInfo = receipt;
		};
/* End PBXContainerItemProxy section */

/* Begin PBXFileReference section */
		1E4C8E1315F0E27A005E49B8 /* Good.h */ = {isa = PBXFileReference; fileEncoding = 4; lastKnownFileType = sourcecode.c.h; path = Good.h; sourceTree = "<group>"; };
		1E4C8E1415F0E27A005E49B8 /* Good.m */ = {isa = PBXFileReference; fileEncoding = 4; lastKnownFileType = sourcecode.c.objc; path = Good.m; sourceTree = "<group>"; };
		1E4C8E1715F0E2A9005E49B8 /* IGRCIngredientsTableViewController.h */ = {isa = PBXFileReference; fileEncoding = 4; lastKnownFileType = sourcecode.c.h; path = IGRCIngredientsTableViewController.h; sourceTree = "<group>"; };
		1E4C8E1815F0E2A9005E49B8 /* IGRCIngredientsTableViewController.m */ = {isa = PBXFileReference; fileEncoding = 4; lastKnownFileType = sourcecode.c.objc; path = IGRCIngredientsTableViewController.m; sourceTree = "<group>"; };
		1E4C8E1A15F0E655005E49B8 /* IGRCIngredientCell.h */ = {isa = PBXFileReference; fileEncoding = 4; lastKnownFileType = sourcecode.c.h; path = IGRCIngredientCell.h; sourceTree = "<group>"; };
		1E4C8E1B15F0E656005E49B8 /* IGRCIngredientCell.m */ = {isa = PBXFileReference; fileEncoding = 4; lastKnownFileType = sourcecode.c.objc; path = IGRCIngredientCell.m; sourceTree = "<group>"; };
		1E4C8E1F15F0EC80005E49B8 /* IGRCIngredientCell.xib */ = {isa = PBXFileReference; fileEncoding = 4; lastKnownFileType = file.xib; path = IGRCIngredientCell.xib; sourceTree = "<group>"; };
		6556593FE868A3C17FF6E6F9 /* IGRCFavoritesBadgeObserver.h */ = {isa = PBXFileReference; fileEncoding = 4; lastKnownFileType = sourcecode.c.h; path = IGRCFavoritesBadgeObserver.h; sourceTree = "<group>"; };
		655659C8406D71254FD66D09 /* IGRCFavoritesBadgeObserver.m */ = {isa = PBXFileReference; fileEncoding = 4; lastKnownFileType = sourcecode.c.objc; path = IGRCFavoritesBadgeObserver.m; sourceTree = "<group>"; };
		6B0BDEEF15D9844500B93E9F /* UIKit.framework */ = {isa = PBXFileReference; lastKnownFileType = wrapper.framework; name = UIKit.framework; path = System/Library/Frameworks/UIKit.framework; sourceTree = SDKROOT; };
		6B0BDEF115D9844500B93E9F /* Foundation.framework */ = {isa = PBXFileReference; lastKnownFileType = wrapper.framework; name = Foundation.framework; path = System/Library/Frameworks/Foundation.framework; sourceTree = SDKROOT; };
		6B0BDEF315D9844500B93E9F /* CoreGraphics.framework */ = {isa = PBXFileReference; lastKnownFileType = wrapper.framework; name = CoreGraphics.framework; path = System/Library/Frameworks/CoreGraphics.framework; sourceTree = SDKROOT; };
		6B0BDEF715D9844500B93E9F /* receipt-Info.plist */ = {isa = PBXFileReference; lastKnownFileType = text.plist.xml; path = "receipt-Info.plist"; sourceTree = "<group>"; };
		6B0BDEF915D9844500B93E9F /* en */ = {isa = PBXFileReference; lastKnownFileType = text.plist.strings; name = en; path = en.lproj/InfoPlist.strings; sourceTree = "<group>"; };
		6B0BDEFB15D9844500B93E9F /* main.m */ = {isa = PBXFileReference; lastKnownFileType = sourcecode.c.objc; path = main.m; sourceTree = "<group>"; };
		6B0BDEFD15D9844500B93E9F /* receipt-Prefix.pch */ = {isa = PBXFileReference; lastKnownFileType = sourcecode.c.h; path = "receipt-Prefix.pch"; sourceTree = "<group>"; };
		6B0BDEFE15D9844500B93E9F /* IGRCAppDelegate.h */ = {isa = PBXFileReference; lastKnownFileType = sourcecode.c.h; path = IGRCAppDelegate.h; sourceTree = "<group>"; };
		6B0BDEFF15D9844500B93E9F /* IGRCAppDelegate.m */ = {isa = PBXFileReference; lastKnownFileType = sourcecode.c.objc; path = IGRCAppDelegate.m; sourceTree = "<group>"; };
		6B0BDF0215D9844600B93E9F /* en */ = {isa = PBXFileReference; lastKnownFileType = file.storyboard; name = en; path = en.lproj/MainStoryboard.storyboard; sourceTree = "<group>"; };
		6B0BDF1815D9844600B93E9F /* SenTestingKit.framework */ = {isa = PBXFileReference; lastKnownFileType = wrapper.framework; name = SenTestingKit.framework; path = Library/Frameworks/SenTestingKit.framework; sourceTree = DEVELOPER_DIR; };
		6B0BDF2015D9844600B93E9F /* receiptTests-Info.plist */ = {isa = PBXFileReference; lastKnownFileType = text.plist.xml; path = "receiptTests-Info.plist"; sourceTree = "<group>"; };
		6B0BDF2215D9844600B93E9F /* en */ = {isa = PBXFileReference; lastKnownFileType = text.plist.strings; name = en; path = en.lproj/InfoPlist.strings; sourceTree = "<group>"; };
		6B0BDF2415D9844600B93E9F /* receiptTests.h */ = {isa = PBXFileReference; lastKnownFileType = sourcecode.c.h; path = receiptTests.h; sourceTree = "<group>"; };
		6B0BDF2515D9844600B93E9F /* receiptTests.m */ = {isa = PBXFileReference; lastKnownFileType = sourcecode.c.objc; path = receiptTests.m; sourceTree = "<group>"; };
		6B16594015DCECF3006E077E /* receipt.xcdatamodel */ = {isa = PBXFileReference; lastKnownFileType = wrapper.xcdatamodel; path = receipt.xcdatamodel; sourceTree = "<group>"; };
		6B16597515DD4537006E077E /* CoreData.framework */ = {isa = PBXFileReference; lastKnownFileType = wrapper.framework; name = CoreData.framework; path = System/Library/Frameworks/CoreData.framework; sourceTree = SDKROOT; };
		6B16597815DD4DD5006E077E /* Ingredient.h */ = {isa = PBXFileReference; fileEncoding = 4; lastKnownFileType = sourcecode.c.h; path = Ingredient.h; sourceTree = "<group>"; };
		6B16597915DD4DD5006E077E /* Ingredient.m */ = {isa = PBXFileReference; fileEncoding = 4; lastKnownFileType = sourcecode.c.objc; path = Ingredient.m; sourceTree = "<group>"; };
		6B16597B15DD4DD6006E077E /* Product.h */ = {isa = PBXFileReference; fileEncoding = 4; lastKnownFileType = sourcecode.c.h; path = Product.h; sourceTree = "<group>"; };
		6B16597C15DD4DD6006E077E /* Product.m */ = {isa = PBXFileReference; fileEncoding = 4; lastKnownFileType = sourcecode.c.objc; path = Product.m; sourceTree = "<group>"; };
		6B16597E15DD4DD6006E077E /* Category.h */ = {isa = PBXFileReference; fileEncoding = 4; lastKnownFileType = sourcecode.c.h; path = Category.h; sourceTree = "<group>"; };
		6B16597F15DD4DD6006E077E /* Category.m */ = {isa = PBXFileReference; fileEncoding = 4; lastKnownFileType = sourcecode.c.objc; path = Category.m; sourceTree = "<group>"; };
		6B16598115DD4DD6006E077E /* Receipt.h */ = {isa = PBXFileReference; fileEncoding = 4; lastKnownFileType = sourcecode.c.h; path = Receipt.h; sourceTree = "<group>"; };
		6B16598215DD4DD6006E077E /* Receipt.m */ = {isa = PBXFileReference; fileEncoding = 4; lastKnownFileType = sourcecode.c.objc; path = Receipt.m; sourceTree = "<group>"; };
		6BAA20E015DAF0800013CF19 /* IGRCCategoryTableViewController.h */ = {isa = PBXFileReference; fileEncoding = 4; lastKnownFileType = sourcecode.c.h; path = IGRCCategoryTableViewController.h; sourceTree = "<group>"; };
		6BAA20E115DAF0800013CF19 /* IGRCCategoryTableViewController.m */ = {isa = PBXFileReference; fileEncoding = 4; lastKnownFileType = sourcecode.c.objc; path = IGRCCategoryTableViewController.m; sourceTree = "<group>"; };
		6BAA20E415DB73370013CF19 /* IGRCReceiptsTableViewController.h */ = {isa = PBXFileReference; fileEncoding = 4; lastKnownFileType = sourcecode.c.h; path = IGRCReceiptsTableViewController.h; sourceTree = "<group>"; };
		6BAA20E515DB73370013CF19 /* IGRCReceiptsTableViewController.m */ = {isa = PBXFileReference; fileEncoding = 4; lastKnownFileType = sourcecode.c.objc; path = IGRCReceiptsTableViewController.m; sourceTree = "<group>"; };
		6BAA20E615DB73370013CF1B /* IGRCSeguePrepareStrategy.m */ = {isa = PBXFileReference; fileEncoding = 4; lastKnownFileType = sourcecode.c.objc; path = IGRCSeguePrepareStrategy.m; sourceTree = "<group>"; };
		6BAA20E615DB73370013CF1D /* IGRCSeguePrepareStrategy.h */ = {isa = PBXFileReference; fileEncoding = 4; lastKnownFileType = sourcecode.c.h; path = IGRCSeguePrepareStrategy.h; sourceTree = "<group>"; };
		6BAA20E615DB73370013CF23 /* IGRCSeguePreparePrivate.h */ = {isa = PBXFileReference; fileEncoding = 4; lastKnownFileType = sourcecode.c.h; path = IGRCSeguePreparePrivate.h; sourceTree = "<group>"; };
		6BAA20E615DB73370013CF24 /* IGRCFromCategoryToReceiptSegue.m */ = {isa = PBXFileReference; fileEncoding = 4; lastKnownFileType = sourcecode.c.objc; path = IGRCFromCategoryToReceiptSegue.m; sourceTree = "<group>"; };
		6BAA20E615DB73370013CF26 /* IGRCFromCategoryToReceiptSegue.h */ = {isa = PBXFileReference; fileEncoding = 4; lastKnownFileType = sourcecode.c.h; path = IGRCFromCategoryToReceiptSegue.h; sourceTree = "<group>"; };
		6BAA20E615DB73370013CF29 /* IGRCDataAccessManager.m */ = {isa = PBXFileReference; fileEncoding = 4; lastKnownFileType = sourcecode.c.objc; path = IGRCDataAccessManager.m; sourceTree = "<group>"; };
		6BAA20E615DB73370013CF2B /* IGRCDataAccessManager.h */ = {isa = PBXFileReference; fileEncoding = 4; lastKnownFileType = sourcecode.c.h; path = IGRCDataAccessManager.h; sourceTree = "<group>"; };
		6BEF2BB715E029F1005CE027 /* IGRCCategoryCell.h */ = {isa = PBXFileReference; fileEncoding = 4; lastKnownFileType = sourcecode.c.h; path = IGRCCategoryCell.h; sourceTree = "<group>"; };
		6BEF2BB815E029F1005CE027 /* IGRCCategoryCell.m */ = {isa = PBXFileReference; fileEncoding = 4; lastKnownFileType = sourcecode.c.objc; path = IGRCCategoryCell.m; sourceTree = "<group>"; };
		6BEF2BB915E029F1005CE028 /* IGRCReceiptCell.h */ = {isa = PBXFileReference; fileEncoding = 4; lastKnownFileType = sourcecode.c.h; path = IGRCReceiptCell.h; sourceTree = "<group>"; };
		6BEF2BB915E029F1005CE029 /* IGRCReceiptCell.m */ = {isa = PBXFileReference; fileEncoding = 4; lastKnownFileType = sourcecode.c.objc; path = IGRCReceiptCell.m; sourceTree = "<group>"; };
		6BEF2BB915E029F1005CE02E /* IGRCReceiptDetailsViewController.h */ = {isa = PBXFileReference; fileEncoding = 4; lastKnownFileType = sourcecode.c.h; path = IGRCReceiptDetailsViewController.h; sourceTree = "<group>"; };
		6BEF2BB915E029F1005CE02F /* IGRCReceiptDetailsViewController.m */ = {isa = PBXFileReference; fileEncoding = 4; lastKnownFileType = sourcecode.c.objc; path = IGRCReceiptDetailsViewController.m; sourceTree = "<group>"; };
		6BEF2BB915E029F1005CE031 /* IGRCReceiptDetailsSeguePreparer.m */ = {isa = PBXFileReference; fileEncoding = 4; lastKnownFileType = sourcecode.c.objc; path = IGRCReceiptDetailsSeguePreparer.m; sourceTree = "<group>"; };
		6BEF2BB915E029F1005CE033 /* IGRCReceiptDetailsSeguePreparer.h */ = {isa = PBXFileReference; fileEncoding = 4; lastKnownFileType = sourcecode.c.h; path = IGRCReceiptDetailsSeguePreparer.h; sourceTree = "<group>"; };
		6BEF2BB915E029F1005CE034 /* IGRCFavoriteReceiptsTableViewController.m */ = {isa = PBXFileReference; fileEncoding = 4; lastKnownFileType = sourcecode.c.objc; path = IGRCFavoriteReceiptsTableViewController.m; sourceTree = "<group>"; };
		6BEF2BB915E029F1005CE036 /* IGRCFavoriteReceiptsTableViewController.h */ = {isa = PBXFileReference; fileEncoding = 4; lastKnownFileType = sourcecode.c.h; path = IGRCFavoriteReceiptsTableViewController.h; sourceTree = "<group>"; };
		6BEF2C2315E101E3005CE027 /* first.png */ = {isa = PBXFileReference; lastKnownFileType = image.png; path = first.png; sourceTree = "<group>"; };
		6BEF2C2415E101E3005CE027 /* first@2x.png */ = {isa = PBXFileReference; lastKnownFileType = image.png; path = "first@2x.png"; sourceTree = "<group>"; };
		6BEF2C2E15E10344005CE027 /* second.png */ = {isa = PBXFileReference; lastKnownFileType = image.png; path = second.png; sourceTree = "<group>"; };
		6BEF2C2F15E10344005CE027 /* second@2x.png */ = {isa = PBXFileReference; lastKnownFileType = image.png; path = "second@2x.png"; sourceTree = "<group>"; };
		6BEF2C3115E10344005CE028 /* db.sqlite */ = {isa = PBXFileReference; lastKnownFileType = file.sqlite; path = db.sqlite; sourceTree = "<group>"; };
		6BEF2C3115E10344005CE02E /* test.png */ = {isa = PBXFileReference; lastKnownFileType = image.png; path = test.png; sourceTree = "<group>"; };
/* End PBXFileReference section */

/* Begin PBXFrameworksBuildPhase section */
		6B0BDEE815D9844500B93E9F /* Frameworks */ = {
			isa = PBXFrameworksBuildPhase;
			buildActionMask = 2147483647;
			files = (
				6B16598415DD869E006E077E /* CoreData.framework in Frameworks */,
				6B0BDEF015D9844500B93E9F /* UIKit.framework in Frameworks */,
				6B0BDEF215D9844500B93E9F /* Foundation.framework in Frameworks */,
				6B0BDEF415D9844500B93E9F /* CoreGraphics.framework in Frameworks */,
			);
			runOnlyForDeploymentPostprocessing = 0;
		};
		6B0BDF1315D9844600B93E9F /* Frameworks */ = {
			isa = PBXFrameworksBuildPhase;
			buildActionMask = 2147483647;
			files = (
				6B0BDF1915D9844600B93E9F /* SenTestingKit.framework in Frameworks */,
				6B0BDF1A15D9844600B93E9F /* UIKit.framework in Frameworks */,
				6B0BDF1B15D9844600B93E9F /* Foundation.framework in Frameworks */,
			);
			runOnlyForDeploymentPostprocessing = 0;
		};
/* End PBXFrameworksBuildPhase section */

/* Begin PBXGroup section */
		6B0BDEE015D9844500B93E9F = {
			isa = PBXGroup;
			children = (
				6B0BDEF515D9844500B93E9F /* receipt */,
				6B0BDF1E15D9844600B93E9F /* receiptTests */,
				6B0BDEEE15D9844500B93E9F /* Frameworks */,
				6B0BDEEC15D9844500B93E9F /* Products */,
			);
			sourceTree = "<group>";
		};
		6B0BDEEC15D9844500B93E9F /* Products */ = {
			isa = PBXGroup;
			children = (
			);
			name = Products;
			sourceTree = "<group>";
		};
		6B0BDEEE15D9844500B93E9F /* Frameworks */ = {
			isa = PBXGroup;
			children = (
				6B16597515DD4537006E077E /* CoreData.framework */,
				6B0BDEEF15D9844500B93E9F /* UIKit.framework */,
				6B0BDEF115D9844500B93E9F /* Foundation.framework */,
				6B0BDEF315D9844500B93E9F /* CoreGraphics.framework */,
				6B0BDF1815D9844600B93E9F /* SenTestingKit.framework */,
			);
			name = Frameworks;
			sourceTree = "<group>";
		};
		6B0BDEF515D9844500B93E9F /* receipt */ = {
			isa = PBXGroup;
			children = (
				6B0BDEFE15D9844500B93E9F /* IGRCAppDelegate.h */,
				6B0BDEFF15D9844500B93E9F /* IGRCAppDelegate.m */,
				6B0BDF0115D9844600B93E9F /* MainStoryboard.storyboard */,
				6B0BDEF615D9844500B93E9F /* Supporting Files */,
				6B0BDF2E15D9844600B93EA5 /* ui */,
				6BAA20E615DB73370013CF28 /* dataAccess */,
				6BEF2C2615E101E3005CE028 /* resources */,
			);
			path = receipt;
			sourceTree = "<group>";
		};
		6B0BDEF615D9844500B93E9F /* Supporting Files */ = {
			isa = PBXGroup;
			children = (
				6B0BDEF715D9844500B93E9F /* receipt-Info.plist */,
				6B0BDEF815D9844500B93E9F /* InfoPlist.strings */,
				6B0BDEFB15D9844500B93E9F /* main.m */,
				6B0BDEFD15D9844500B93E9F /* receipt-Prefix.pch */,
			);
			name = "Supporting Files";
			sourceTree = "<group>";
		};
		6B0BDF1E15D9844600B93E9F /* receiptTests */ = {
			isa = PBXGroup;
			children = (
				6B0BDF2415D9844600B93E9F /* receiptTests.h */,
				6B0BDF2515D9844600B93E9F /* receiptTests.m */,
				6B0BDF1F15D9844600B93E9F /* Supporting Files */,
			);
			path = receiptTests;
			sourceTree = "<group>";
		};
		6B0BDF1F15D9844600B93E9F /* Supporting Files */ = {
			isa = PBXGroup;
			children = (
				6B0BDF2015D9844600B93E9F /* receiptTests-Info.plist */,
				6B0BDF2115D9844600B93E9F /* InfoPlist.strings */,
			);
			name = "Supporting Files";
			sourceTree = "<group>";
		};
		6B0BDF2E15D9844600B93EA0 /* receipts */ = {
			isa = PBXGroup;
			children = (
				6BEF2BB915E029F1005CE036 /* IGRCFavoriteReceiptsTableViewController.h */,
				6BEF2BB915E029F1005CE034 /* IGRCFavoriteReceiptsTableViewController.m */,
				6BEF2BB915E029F1005CE02E /* IGRCReceiptDetailsViewController.h */,
				6BEF2BB915E029F1005CE02F /* IGRCReceiptDetailsViewController.m */,
				6BEF2BB915E029F1005CE029 /* IGRCReceiptCell.m */,
				6BEF2BB915E029F1005CE028 /* IGRCReceiptCell.h */,
				6BAA20E015DAF0800013CF19 /* IGRCCategoryTableViewController.h */,
				6BAA20E115DAF0800013CF19 /* IGRCCategoryTableViewController.m */,
				6BAA20E415DB73370013CF19 /* IGRCReceiptsTableViewController.h */,
				6BAA20E515DB73370013CF19 /* IGRCReceiptsTableViewController.m */,
				1E4C8E1715F0E2A9005E49B8 /* IGRCIngredientsTableViewController.h */,
				1E4C8E1815F0E2A9005E49B8 /* IGRCIngredientsTableViewController.m */,
				6BEF2BB715E029F1005CE027 /* IGRCCategoryCell.h */,
				6BEF2BB815E029F1005CE027 /* IGRCCategoryCell.m */,
				1E4C8E1A15F0E655005E49B8 /* IGRCIngredientCell.h */,
				1E4C8E1B15F0E656005E49B8 /* IGRCIngredientCell.m */,
				1E4C8E1F15F0EC80005E49B8 /* IGRCIngredientCell.xib */,
			);
			path = receipts;
			sourceTree = "<group>";
		};
		6B0BDF2E15D9844600B93EA5 /* ui */ = {
			isa = PBXGroup;
			children = (
				6B0BDF2E15D9844600B93EA0 /* receipts */,
				6BAA20E615DB73370013CF1A /* flow */,
			);
			path = ui;
			sourceTree = "<group>";
		};
		6BAA20E615DB73370013CF1A /* flow */ = {
			isa = PBXGroup;
			children = (
				6BAA20E615DB73370013CF23 /* IGRCSeguePreparePrivate.h */,
				6BAA20E615DB73370013CF1D /* IGRCSeguePrepareStrategy.h */,
				6BAA20E615DB73370013CF1B /* IGRCSeguePrepareStrategy.m */,
				6BAA20E615DB73370013CF1E /* impl */,
			);
			path = flow;
			sourceTree = "<group>";
		};
		6BAA20E615DB73370013CF1E /* impl */ = {
			isa = PBXGroup;
			children = (
				6BEF2BB915E029F1005CE033 /* IGRCReceiptDetailsSeguePreparer.h */,
				6BEF2BB915E029F1005CE031 /* IGRCReceiptDetailsSeguePreparer.m */,
				6BAA20E615DB73370013CF26 /* IGRCFromCategoryToReceiptSegue.h */,
				6BAA20E615DB73370013CF24 /* IGRCFromCategoryToReceiptSegue.m */,
			);
			path = impl;
			sourceTree = "<group>";
		};
		6BAA20E615DB73370013CF27 /* model */ = {
			isa = PBXGroup;
			children = (
				1E4C8E1315F0E27A005E49B8 /* Good.h */,
				1E4C8E1415F0E27A005E49B8 /* Good.m */,
				6B16597815DD4DD5006E077E /* Ingredient.h */,
				6B16597E15DD4DD6006E077E /* Category.h */,
				6B16597F15DD4DD6006E077E /* Category.m */,
				6B16598115DD4DD6006E077E /* Receipt.h */,
				6B16598215DD4DD6006E077E /* Receipt.m */,
				6B16597B15DD4DD6006E077E /* Product.h */,
				6B16597C15DD4DD6006E077E /* Product.m */,
				6B16597915DD4DD5006E077E /* Ingredient.m */,
				6B16593F15DCECF2006E077E /* receipt.xcdatamodeld */,
			);
			path = model;
			sourceTree = "<group>";
		};
		6BAA20E615DB73370013CF28 /* dataAccess */ = {
			isa = PBXGroup;
			children = (
				6556593FE868A3C17FF6E6F9 /* IGRCFavoritesBadgeObserver.h */,
				655659C8406D71254FD66D09 /* IGRCFavoritesBadgeObserver.m */,
				6BAA20E615DB73370013CF2B /* IGRCDataAccessManager.h */,
				6BAA20E615DB73370013CF29 /* IGRCDataAccessManager.m */,
				6BAA20E615DB73370013CF27 /* model */,
			);
			path = dataAccess;
			sourceTree = "<group>";
		};
		6BEF2C2615E101E3005CE028 /* resources */ = {
			isa = PBXGroup;
			children = (
				6BEF2C3115E10344005CE02E /* test.png */,
				6BEF2C3115E10344005CE028 /* db.sqlite */,
				6BEF2C2E15E10344005CE027 /* second.png */,
				6BEF2C2F15E10344005CE027 /* second@2x.png */,
				6BEF2C2415E101E3005CE027 /* first@2x.png */,
				6BEF2C2315E101E3005CE027 /* first.png */,
			);
			path = resources;
			sourceTree = "<group>";
		};
/* End PBXGroup section */

/* Begin PBXNativeTarget section */
		6B0BDEEA15D9844500B93E9F /* receipt */ = {
			isa = PBXNativeTarget;
			buildConfigurationList = 6B0BDF2915D9844600B93E9F /* Build configuration list for PBXNativeTarget "receipt" */;
			buildPhases = (
				6B0BDEE715D9844500B93E9F /* Sources */,
				6B0BDEE815D9844500B93E9F /* Frameworks */,
				6B0BDEE915D9844500B93E9F /* Resources */,
			);
			buildRules = (
			);
			dependencies = (
			);
			name = receipt;
			productName = receipt;
			productType = "com.apple.product-type.application";
		};
		6B0BDF1615D9844600B93E9F /* receiptTests */ = {
			isa = PBXNativeTarget;
			buildConfigurationList = 6B0BDF2C15D9844600B93E9F /* Build configuration list for PBXNativeTarget "receiptTests" */;
			buildPhases = (
				6B0BDF1215D9844600B93E9F /* Sources */,
				6B0BDF1315D9844600B93E9F /* Frameworks */,
				6B0BDF1415D9844600B93E9F /* Resources */,
				6B0BDF1515D9844600B93E9F /* ShellScript */,
			);
			buildRules = (
			);
			dependencies = (
				6B0BDF1D15D9844600B93E9F /* PBXTargetDependency */,
			);
			name = receiptTests;
			productName = receiptTests;
			productType = "com.apple.product-type.bundle";
		};
/* End PBXNativeTarget section */

/* Begin PBXProject section */
		6B0BDEE215D9844500B93E9F /* Project object */ = {
			isa = PBXProject;
			attributes = {
				LastUpgradeCheck = 0420;
			};
			buildConfigurationList = 6B0BDEE515D9844500B93E9F /* Build configuration list for PBXProject "receipt" */;
			compatibilityVersion = "Xcode 3.2";
			developmentRegion = English;
			hasScannedForEncodings = 0;
			knownRegions = (
				en,
			);
			mainGroup = 6B0BDEE015D9844500B93E9F;
			productRefGroup = 6B0BDEEC15D9844500B93E9F /* Products */;
			projectDirPath = "";
			projectRoot = "";
			targets = (
				6B0BDEEA15D9844500B93E9F /* receipt */,
				6B0BDF1615D9844600B93E9F /* receiptTests */,
			);
		};
/* End PBXProject section */

/* Begin PBXResourcesBuildPhase section */
		6B0BDEE915D9844500B93E9F /* Resources */ = {
			isa = PBXResourcesBuildPhase;
			buildActionMask = 2147483647;
			files = (
				6B0BDEFA15D9844500B93E9F /* InfoPlist.strings in Resources */,
				6B0BDF0315D9844600B93E9F /* MainStoryboard.storyboard in Resources */,
				6BEF2C2515E101E3005CE027 /* first.png in Resources */,
				6BEF2C2615E101E3005CE027 /* first@2x.png in Resources */,
				6BEF2C3015E10344005CE027 /* second.png in Resources */,
				6BEF2C3115E10344005CE027 /* second@2x.png in Resources */,
				6BEF2C3115E10344005CE029 /* db.sqlite in Resources */,
				6BEF2C3115E10344005CE02F /* test.png in Resources */,
				1E4C8E2015F0EC80005E49B8 /* IGRCIngredientCell.xib in Resources */,
			);
			runOnlyForDeploymentPostprocessing = 0;
		};
		6B0BDF1415D9844600B93E9F /* Resources */ = {
			isa = PBXResourcesBuildPhase;
			buildActionMask = 2147483647;
			files = (
				6B0BDF2315D9844600B93E9F /* InfoPlist.strings in Resources */,
			);
			runOnlyForDeploymentPostprocessing = 0;
		};
/* End PBXResourcesBuildPhase section */

/* Begin PBXShellScriptBuildPhase section */
		6B0BDF1515D9844600B93E9F /* ShellScript */ = {
			isa = PBXShellScriptBuildPhase;
			buildActionMask = 2147483647;
			files = (
			);
			inputPaths = (
			);
			outputPaths = (
			);
			runOnlyForDeploymentPostprocessing = 0;
			shellPath = /bin/sh;
			shellScript = "# Run the unit tests in this test bundle.\n\"${SYSTEM_DEVELOPER_DIR}/Tools/RunUnitTests\"\n";
		};
/* End PBXShellScriptBuildPhase section */

/* Begin PBXSourcesBuildPhase section */
		6B0BDEE715D9844500B93E9F /* Sources */ = {
			isa = PBXSourcesBuildPhase;
			buildActionMask = 2147483647;
			files = (
				6B0BDEFC15D9844500B93E9F /* main.m in Sources */,
				6B0BDF0015D9844500B93E9F /* IGRCAppDelegate.m in Sources */,
				6BAA20E215DAF0800013CF19 /* IGRCCategoryTableViewController.m in Sources */,
				6BAA20E615DB73370013CF19 /* IGRCReceiptsTableViewController.m in Sources */,
				6BAA20E615DB73370013CF1C /* IGRCSeguePrepareStrategy.m in Sources */,
				6BAA20E615DB73370013CF25 /* IGRCFromCategoryToReceiptSegue.m in Sources */,
				6B16594115DCECF3006E077E /* receipt.xcdatamodeld in Sources */,
				6BAA20E615DB73370013CF2A /* IGRCDataAccessManager.m in Sources */,
				6B16597A15DD4DD5006E077E /* Ingredient.m in Sources */,
				6B16597D15DD4DD6006E077E /* Product.m in Sources */,
				6B16598015DD4DD6006E077E /* Category.m in Sources */,
				6B16598315DD4DD6006E077E /* Receipt.m in Sources */,
				6BEF2BB915E029F1005CE027 /* IGRCCategoryCell.m in Sources */,
				6BEF2BB915E029F1005CE02A /* IGRCReceiptCell.m in Sources */,
				6BEF2BB915E029F1005CE030 /* IGRCReceiptDetailsViewController.m in Sources */,
				6BEF2BB915E029F1005CE032 /* IGRCReceiptDetailsSeguePreparer.m in Sources */,
				6BEF2BB915E029F1005CE035 /* IGRCFavoriteReceiptsTableViewController.m in Sources */,
				65565BB5EC7DD7FF35C03DDC /* IGRCFavoritesBadgeObserver.m in Sources */,
				1E4C8E1515F0E27A005E49B8 /* Good.m in Sources */,
				1E4C8E1915F0E2A9005E49B8 /* IGRCIngredientsTableViewController.m in Sources */,
				1E4C8E1C15F0E656005E49B8 /* IGRCIngredientCell.m in Sources */,
			);
			runOnlyForDeploymentPostprocessing = 0;
		};
		6B0BDF1215D9844600B93E9F /* Sources */ = {
			isa = PBXSourcesBuildPhase;
			buildActionMask = 2147483647;
			files = (
				6B0BDF2615D9844600B93E9F /* receiptTests.m in Sources */,
			);
			runOnlyForDeploymentPostprocessing = 0;
		};
/* End PBXSourcesBuildPhase section */

/* Begin PBXTargetDependency section */
		6B0BDF1D15D9844600B93E9F /* PBXTargetDependency */ = {
			isa = PBXTargetDependency;
			target = 6B0BDEEA15D9844500B93E9F /* receipt */;
			targetProxy = 6B0BDF1C15D9844600B93E9F /* PBXContainerItemProxy */;
		};
/* End PBXTargetDependency section */

/* Begin PBXVariantGroup section */
		6B0BDEF815D9844500B93E9F /* InfoPlist.strings */ = {
			isa = PBXVariantGroup;
			children = (
				6B0BDEF915D9844500B93E9F /* en */,
			);
			name = InfoPlist.strings;
			sourceTree = "<group>";
		};
		6B0BDF0115D9844600B93E9F /* MainStoryboard.storyboard */ = {
			isa = PBXVariantGroup;
			children = (
				6B0BDF0215D9844600B93E9F /* en */,
			);
			name = MainStoryboard.storyboard;
			sourceTree = "<group>";
		};
		6B0BDF2115D9844600B93E9F /* InfoPlist.strings */ = {
			isa = PBXVariantGroup;
			children = (
				6B0BDF2215D9844600B93E9F /* en */,
			);
			name = InfoPlist.strings;
			sourceTree = "<group>";
		};
/* End PBXVariantGroup section */

/* Begin XCBuildConfiguration section */
		6B0BDF2715D9844600B93E9F /* Debug */ = {
			isa = XCBuildConfiguration;
			buildSettings = {
				ALWAYS_SEARCH_USER_PATHS = NO;
				ARCHS = "$(ARCHS_STANDARD_32_BIT)";
				"CODE_SIGN_IDENTITY[sdk=iphoneos*]" = "iPhone Developer";
				COPY_PHASE_STRIP = NO;
				GCC_C_LANGUAGE_STANDARD = gnu99;
				GCC_DYNAMIC_NO_PIC = NO;
				GCC_OPTIMIZATION_LEVEL = 0;
				GCC_PREPROCESSOR_DEFINITIONS = (
					"DEBUG=1",
					"$(inherited)",
				);
				GCC_SYMBOLS_PRIVATE_EXTERN = NO;
				GCC_VERSION = com.apple.compilers.llvm.clang.1_0;
				GCC_WARN_ABOUT_MISSING_PROTOTYPES = YES;
				GCC_WARN_ABOUT_RETURN_TYPE = YES;
				GCC_WARN_UNUSED_VARIABLE = YES;
				IPHONEOS_DEPLOYMENT_TARGET = 5.0;
				SDKROOT = iphoneos;
			};
			name = Debug;
		};
		6B0BDF2815D9844600B93E9F /* Release */ = {
			isa = XCBuildConfiguration;
			buildSettings = {
				ALWAYS_SEARCH_USER_PATHS = NO;
				ARCHS = "$(ARCHS_STANDARD_32_BIT)";
				"CODE_SIGN_IDENTITY[sdk=iphoneos*]" = "iPhone Developer";
				COPY_PHASE_STRIP = YES;
				GCC_C_LANGUAGE_STANDARD = gnu99;
				GCC_VERSION = com.apple.compilers.llvm.clang.1_0;
				GCC_WARN_ABOUT_MISSING_PROTOTYPES = YES;
				GCC_WARN_ABOUT_RETURN_TYPE = YES;
				GCC_WARN_UNUSED_VARIABLE = YES;
				IPHONEOS_DEPLOYMENT_TARGET = 5.0;
				OTHER_CFLAGS = "-DNS_BLOCK_ASSERTIONS=1";
				SDKROOT = iphoneos;
				VALIDATE_PRODUCT = YES;
			};
			name = Release;
		};
		6B0BDF2A15D9844600B93E9F /* Debug */ = {
			isa = XCBuildConfiguration;
			buildSettings = {
				CODE_SIGN_IDENTITY = "iPhone Developer: Alexey Rogatkin (CLRCPF3376)";
				"CODE_SIGN_IDENTITY[sdk=iphoneos*]" = "iPhone Developer: Alexey Rogatkin (CLRCPF3376)";
				GCC_PRECOMPILE_PREFIX_HEADER = YES;
				GCC_PREFIX_HEADER = "receipt/receipt-Prefix.pch";
				INFOPLIST_FILE = "receipt/receipt-Info.plist";
				PRODUCT_NAME = "$(TARGET_NAME)";
				PROVISIONING_PROFILE = "C3C3E08B-B90D-4C59-B1A1-3AA3D2D758B3";
				"PROVISIONING_PROFILE[sdk=iphoneos*]" = "C3C3E08B-B90D-4C59-B1A1-3AA3D2D758B3";
				WRAPPER_EXTENSION = app;
			};
			name = Debug;
		};
		6B0BDF2B15D9844600B93E9F /* Release */ = {
			isa = XCBuildConfiguration;
			buildSettings = {
				CODE_SIGN_IDENTITY = "iPhone Developer: Alexey Rogatkin (CLRCPF3376)";
				"CODE_SIGN_IDENTITY[sdk=iphoneos*]" = "iPhone Developer: Alexey Rogatkin (CLRCPF3376)";
				GCC_PRECOMPILE_PREFIX_HEADER = YES;
				GCC_PREFIX_HEADER = "receipt/receipt-Prefix.pch";
				INFOPLIST_FILE = "receipt/receipt-Info.plist";
				PRODUCT_NAME = "$(TARGET_NAME)";
				PROVISIONING_PROFILE = "C3C3E08B-B90D-4C59-B1A1-3AA3D2D758B3";
				"PROVISIONING_PROFILE[sdk=iphoneos*]" = "C3C3E08B-B90D-4C59-B1A1-3AA3D2D758B3";
				WRAPPER_EXTENSION = app;
			};
			name = Release;
		};
		6B0BDF2D15D9844600B93E9F /* Debug */ = {
			isa = XCBuildConfiguration;
			buildSettings = {
				BUNDLE_LOADER = "$(BUILT_PRODUCTS_DIR)/receipt.app/receipt";
				FRAMEWORK_SEARCH_PATHS = (
					"$(SDKROOT)/Developer/Library/Frameworks",
					"$(DEVELOPER_LIBRARY_DIR)/Frameworks",
				);
				GCC_PRECOMPILE_PREFIX_HEADER = YES;
				GCC_PREFIX_HEADER = "receipt/receipt-Prefix.pch";
				INFOPLIST_FILE = "receiptTests/receiptTests-Info.plist";
				PRODUCT_NAME = "$(TARGET_NAME)";
				TEST_HOST = "$(BUNDLE_LOADER)";
				WRAPPER_EXTENSION = octest;
			};
			name = Debug;
		};
		6B0BDF2E15D9844600B93E9F /* Release */ = {
			isa = XCBuildConfiguration;
			buildSettings = {
				BUNDLE_LOADER = "$(BUILT_PRODUCTS_DIR)/receipt.app/receipt";
				FRAMEWORK_SEARCH_PATHS = (
					"$(SDKROOT)/Developer/Library/Frameworks",
					"$(DEVELOPER_LIBRARY_DIR)/Frameworks",
				);
				GCC_PRECOMPILE_PREFIX_HEADER = YES;
				GCC_PREFIX_HEADER = "receipt/receipt-Prefix.pch";
				INFOPLIST_FILE = "receiptTests/receiptTests-Info.plist";
				PRODUCT_NAME = "$(TARGET_NAME)";
				TEST_HOST = "$(BUNDLE_LOADER)";
				WRAPPER_EXTENSION = octest;
			};
			name = Release;
		};
/* End XCBuildConfiguration section */

/* Begin XCConfigurationList section */
		6B0BDEE515D9844500B93E9F /* Build configuration list for PBXProject "receipt" */ = {
			isa = XCConfigurationList;
			buildConfigurations = (
				6B0BDF2715D9844600B93E9F /* Debug */,
				6B0BDF2815D9844600B93E9F /* Release */,
			);
			defaultConfigurationIsVisible = 0;
			defaultConfigurationName = Release;
		};
		6B0BDF2915D9844600B93E9F /* Build configuration list for PBXNativeTarget "receipt" */ = {
			isa = XCConfigurationList;
			buildConfigurations = (
				6B0BDF2A15D9844600B93E9F /* Debug */,
				6B0BDF2B15D9844600B93E9F /* Release */,
			);
			defaultConfigurationIsVisible = 0;
			defaultConfigurationName = Release;
		};
		6B0BDF2C15D9844600B93E9F /* Build configuration list for PBXNativeTarget "receiptTests" */ = {
			isa = XCConfigurationList;
			buildConfigurations = (
				6B0BDF2D15D9844600B93E9F /* Debug */,
				6B0BDF2E15D9844600B93E9F /* Release */,
			);
			defaultConfigurationIsVisible = 0;
			defaultConfigurationName = Release;
		};
/* End XCConfigurationList section */

/* Begin XCVersionGroup section */
		6B16593F15DCECF2006E077E /* receipt.xcdatamodeld */ = {
			isa = XCVersionGroup;
			children = (
				6B16594015DCECF3006E077E /* receipt.xcdatamodel */,
			);
			currentVersion = 6B16594015DCECF3006E077E /* receipt.xcdatamodel */;
			path = receipt.xcdatamodeld;
			sourceTree = "<group>";
			versionGroupType = wrapper.xcdatamodel;
		};
/* End XCVersionGroup section */
	};
	rootObject = 6B0BDEE215D9844500B93E9F /* Project object */;
}
